
Microsoft Visual Studio Solution File, Format Version 12.00
# Visual Studio 2015
Project("{FAE04EC0-301F-11D3-BF4B-00C04F79EFBC}") = "KAWAVES", "KAWAVES.csproj", "{A971B8D5-D221-F102-16E6-13CCC48EB279}"
EndProject
Global
	GlobalSection(SolutionConfigurationPlatforms) = preSolution
		Debug|Any CPU = Debug|Any CPU
		Release|Any CPU = Release|Any CPU
	EndGlobalSection
	GlobalSection(ProjectConfigurationPlatforms) = postSolution
		{A971B8D5-D221-F102-16E6-13CCC48EB279}.Debug|Any CPU.ActiveCfg = Debug|Any CPU
		{A971B8D5-D221-F102-16E6-13CCC48EB279}.Debug|Any CPU.Build.0 = Debug|Any CPU
		{A971B8D5-D221-F102-16E6-13CCC48EB279}.Release|Any CPU.ActiveCfg = Release|Any CPU
		{A971B8D5-D221-F102-16E6-13CCC48EB279}.Release|Any CPU.Build.0 = Release|Any CPU
	EndGlobalSection
	GlobalSection(SolutionProperties) = preSolution
		HideSolutionNode = FALSE
	EndGlobalSection
EndGlobal
